
Microsoft Visual Studio Solution File, Format Version 12.00
# Visual Studio Version 17
VisualStudioVersion = 17.8.34330.188
MinimumVisualStudioVersion = 10.0.40219.1
Project("{2150E333-8FDC-42A3-9474-1A3956D46DE8}") = "Services", "Services", "{672D2179-5732-49DC-87AB-D81D8E85A1F5}"
EndProject
Project("{9A19103F-16F7-4668-BE54-9A1E7A4F7556}") = "Product.API", "Services\Product.API\Product.API.csproj", "{6D6A562F-CB05-40E2-9F84-1095DBBE4211}"
EndProject
Project("{FAE04EC0-301F-11D3-BF4B-00C04F79EFBC}") = "Authentication.API", "Services\Authentication.API\Authentication.API.csproj", "{4C9E5761-8D02-4E3D-9808-BAA1B520C9DD}"
EndProject
Global
	GlobalSection(SolutionConfigurationPlatforms) = preSolution
		Debug|Any CPU = Debug|Any CPU
		Release|Any CPU = Release|Any CPU
	EndGlobalSection
	GlobalSection(ProjectConfigurationPlatforms) = postSolution
		{6D6A562F-CB05-40E2-9F84-1095DBBE4211}.Debug|Any CPU.ActiveCfg = Debug|Any CPU
		{6D6A562F-CB05-40E2-9F84-1095DBBE4211}.Debug|Any CPU.Build.0 = Debug|Any CPU
		{6D6A562F-CB05-40E2-9F84-1095DBBE4211}.Release|Any CPU.ActiveCfg = Release|Any CPU
		{6D6A562F-CB05-40E2-9F84-1095DBBE4211}.Release|Any CPU.Build.0 = Release|Any CPU
		{4C9E5761-8D02-4E3D-9808-BAA1B520C9DD}.Debug|Any CPU.ActiveCfg = Debug|Any CPU
		{4C9E5761-8D02-4E3D-9808-BAA1B520C9DD}.Debug|Any CPU.Build.0 = Debug|Any CPU
		{4C9E5761-8D02-4E3D-9808-BAA1B520C9DD}.Release|Any CPU.ActiveCfg = Release|Any CPU
		{4C9E5761-8D02-4E3D-9808-BAA1B520C9DD}.Release|Any CPU.Build.0 = Release|Any CPU
	EndGlobalSection
	GlobalSection(SolutionProperties) = preSolution
		HideSolutionNode = FALSE
	EndGlobalSection
	GlobalSection(NestedProjects) = preSolution
		{6D6A562F-CB05-40E2-9F84-1095DBBE4211} = {672D2179-5732-49DC-87AB-D81D8E85A1F5}
		{4C9E5761-8D02-4E3D-9808-BAA1B520C9DD} = {672D2179-5732-49DC-87AB-D81D8E85A1F5}
	EndGlobalSection
	GlobalSection(ExtensibilityGlobals) = postSolution
		SolutionGuid = {FE4574FC-F060-4900-8098-BE5EACABCE23}
	EndGlobalSection
EndGlobal
